# generated by rye
# use `rye lock` or `rye sync` to update this lockfile
#
# last locked with the following flags:
#   pre: false
#   features: []
#   all-features: false
#   with-sources: false
#   generate-hashes: false
#   universal: false

-e file:.
click==8.1.7
    # via d4utils
numpy==2.1.0
    # via pandas
    # via pyd4
pandas==2.2.2
    # via d4utils
pyd4==0.3.9
    # via d4utils
python-dateutil==2.9.0.post0
    # via pandas
pytz==2024.1
    # via pandas
six==1.16.0
    # via python-dateutil
tqdm==4.66.5
    # via d4utils
tzdata==2024.1
    # via pandas
